
Microsoft Visual Studio Solution File, Format Version 12.00
Project("{FAE04EC0-301F-11D3-BF4B-00C04F79EFBC}") = "LibNFSData.Core", "LibNFSData.Core\LibNFSData.Core.csproj", "{DCDBCFEB-ADC4-4094-A7C8-924C557667DA}"
EndProject
Project("{FAE04EC0-301F-11D3-BF4B-00C04F79EFBC}") = "LibNFSData.DataPlayground", "LibNFSData.DataPlayground\LibNFSData.DataPlayground.csproj", "{8E653B02-98C1-4587-A10D-3F8A591691D2}"
EndProject
Project("{FAE04EC0-301F-11D3-BF4B-00C04F79EFBC}") = "LibNFSData.MostWanted", "LibNFSData.MostWanted\LibNFSData.MostWanted.csproj", "{FAF5AD0F-A95C-49AB-B908-131C88FBBE3C}"
EndProject
Global
	GlobalSection(SolutionConfigurationPlatforms) = preSolution
		Debug|Any CPU = Debug|Any CPU
		Release|Any CPU = Release|Any CPU
	EndGlobalSection
	GlobalSection(ProjectConfigurationPlatforms) = postSolution
		{DCDBCFEB-ADC4-4094-A7C8-924C557667DA}.Debug|Any CPU.ActiveCfg = Debug|Any CPU
		{DCDBCFEB-ADC4-4094-A7C8-924C557667DA}.Debug|Any CPU.Build.0 = Debug|Any CPU
		{DCDBCFEB-ADC4-4094-A7C8-924C557667DA}.Release|Any CPU.ActiveCfg = Release|Any CPU
		{DCDBCFEB-ADC4-4094-A7C8-924C557667DA}.Release|Any CPU.Build.0 = Release|Any CPU
		{8E653B02-98C1-4587-A10D-3F8A591691D2}.Debug|Any CPU.ActiveCfg = Debug|Any CPU
		{8E653B02-98C1-4587-A10D-3F8A591691D2}.Debug|Any CPU.Build.0 = Debug|Any CPU
		{8E653B02-98C1-4587-A10D-3F8A591691D2}.Release|Any CPU.ActiveCfg = Release|Any CPU
		{8E653B02-98C1-4587-A10D-3F8A591691D2}.Release|Any CPU.Build.0 = Release|Any CPU
		{FAF5AD0F-A95C-49AB-B908-131C88FBBE3C}.Debug|Any CPU.ActiveCfg = Debug|Any CPU
		{FAF5AD0F-A95C-49AB-B908-131C88FBBE3C}.Debug|Any CPU.Build.0 = Debug|Any CPU
		{FAF5AD0F-A95C-49AB-B908-131C88FBBE3C}.Release|Any CPU.ActiveCfg = Release|Any CPU
		{FAF5AD0F-A95C-49AB-B908-131C88FBBE3C}.Release|Any CPU.Build.0 = Release|Any CPU
	EndGlobalSection
EndGlobal
